<?xml version="1.0" encoding="utf-8"?>
<Project ToolsVersion="4.0" xmlns="http://schemas.microsoft.com/developer/msbuild/2003">
  <ItemGroup>
    <Filter Include="Source Files">
      <UniqueIdentifier>{4FC737F1-C7A5-4376-A066-2A32D752A2FF}</UniqueIdentifier>
      <Extensions>cpp;c;cc;cxx;c++;cppm;ixx;def;odl;idl;hpj;bat;asm;asmx</Extensions>
    </Filter>
    <Filter Include="Header Files">
      <UniqueIdentifier>{93995380-89BD-4b04-88EB-625FBE52EBFB}</UniqueIdentifier>
      <Extensions>h;hh;hpp;hxx;h++;hm;inl;inc;ipp;xsd</Extensions>
    </Filter>
    <Filter Include="Resource Files">
      <UniqueIdentifier>{67DA6AB6-F800-4c08-8B7A-83BB121AAD01}</UniqueIdentifier>
      <Extensions>rc;ico;cur;bmp;dlg;rc2;rct;bin;rgs;gif;jpg;jpeg;jpe;resx;tiff;tif;png;wav;mfcribbon-ms</Extensions>
    </Filter>
  </ItemGroup>
  <ItemGroup>
    <ClCompile Include="NumericLib.cpp">
      <Filter>Source Files</Filter>
    </ClCompile>
    <ClCompile Include="tests\RunTests.cpp">
      <Filter>Source Files</Filter>
    </ClCompile>
    <ClCompile Include="src\integration\rectangle.cpp">
      <Filter>Source Files</Filter>
    </ClCompile>
    <ClCompile Include="src\integration\simpson.cpp">
      <Filter>Source Files</Filter>
    </ClCompile>
    <ClCompile Include="src\integration\trapezoid.cpp">
      <Filter>Source Files</Filter>
    </ClCompile>
    <ClCompile Include="src\interpolation\lagrange.cpp">
      <Filter>Source Files</Filter>
    </ClCompile>
    <ClCompile Include="src\interpolation\newton.cpp">
      <Filter>Source Files</Filter>
    </ClCompile>
    <ClCompile Include="src\liniear_systems\gauss_elimination.cpp">
      <Filter>Source Files</Filter>
    </ClCompile>
    <ClCompile Include="include\integration\io.cpp">
      <Filter>Header Files</Filter>
    </ClCompile>
    <ClCompile Include="include\integration\lu.cpp">
      <Filter>Header Files</Filter>
    </ClCompile>
  </ItemGroup>
  <ItemGroup>
    <ClInclude Include="tests\Test.h">
      <Filter>Source Files</Filter>
    </ClInclude>
    <ClInclude Include="include\approximation.hpp">
      <Filter>Header Files</Filter>
    </ClInclude>
    <ClInclude Include="include\integration\gauss_legendre.hpp">
      <Filter>Header Files</Filter>
    </ClInclude>
    <ClInclude Include="include\integration\rectangle.hpp">
      <Filter>Header Files</Filter>
    </ClInclude>
    <ClInclude Include="include\integration\simpson.hpp">
      <Filter>Header Files</Filter>
    </ClInclude>
    <ClInclude Include="include\integration\trapezoid.hpp">
      <Filter>Header Files</Filter>
    </ClInclude>
    <ClInclude Include="include\interpolation\lagrange.hpp">
      <Filter>Header Files</Filter>
    </ClInclude>
    <ClInclude Include="include\interpolation\newton.hpp">
      <Filter>Header Files</Filter>
    </ClInclude>
    <ClInclude Include="include\liniear_systems\gauss_elimination.hpp">
      <Filter>Header Files</Filter>
    </ClInclude>
    <ClInclude Include="include\liniear_systems\lu.hpp">
      <Filter>Header Files</Filter>
    </ClInclude>
    <ClInclude Include="include\nonliniear.hpp">
      <Filter>Header Files</Filter>
    </ClInclude>
    <ClInclude Include="include\numeric_io.hpp">
      <Filter>Header Files</Filter>
    </ClInclude>
    <ClInclude Include="include\ode_methods.hpp">
      <Filter>Header Files</Filter>
    </ClInclude>
    <ClInclude Include="include\utils.hpp">
      <Filter>Header Files</Filter>
    </ClInclude>
    <ClInclude Include="include\NumericLib.hpp">
      <Filter>Header Files</Filter>
    </ClInclude>
  </ItemGroup>
</Project>